
Microsoft Visual Studio Solution File, Format Version 12.00
# Visual Studio 15
VisualStudioVersion = 15.0.28307.1062
MinimumVisualStudioVersion = 10.0.40219.1
Project("{FAE04EC0-301F-11D3-BF4B-00C04F79EFBC}") = "Polymorphism", "Polymorphism\Polymorphism.csproj", "{8104D07C-FE66-4B8A-8519-4B418E24C62F}"
EndProject
Global
	GlobalSection(SolutionConfigurationPlatforms) = preSolution
		Debug|Any CPU = Debug|Any CPU
		Release|Any CPU = Release|Any CPU
	EndGlobalSection
	GlobalSection(ProjectConfigurationPlatforms) = postSolution
		{8104D07C-FE66-4B8A-8519-4B418E24C62F}.Debug|Any CPU.ActiveCfg = Debug|Any CPU
		{8104D07C-FE66-4B8A-8519-4B418E24C62F}.Debug|Any CPU.Build.0 = Debug|Any CPU
		{8104D07C-FE66-4B8A-8519-4B418E24C62F}.Release|Any CPU.ActiveCfg = Release|Any CPU
		{8104D07C-FE66-4B8A-8519-4B418E24C62F}.Release|Any CPU.Build.0 = Release|Any CPU
	EndGlobalSection
	GlobalSection(SolutionProperties) = preSolution
		HideSolutionNode = FALSE
	EndGlobalSection
	GlobalSection(ExtensibilityGlobals) = postSolution
		SolutionGuid = {0F79A896-449A-466D-AA2C-B0C37C695D19}
	EndGlobalSection
EndGlobal
